# Generated by pub
# See https://dart.dev/tools/pub/glossary#lockfile
packages:
  _fe_analyzer_shared:
    dependency: transitive
    description:
      name: _fe_analyzer_shared
      sha256: ae92f5d747aee634b87f89d9946000c2de774be1d6ac3e58268224348cd0101a
      url: "https://pub.flutter-io.cn"
    source: hosted
    version: "61.0.0"
  analyzer:
    dependency: transitive
    description:
      name: analyzer
      sha256: ea3d8652bda62982addfd92fdc2d0214e5f82e43325104990d4f4c4a2a313562
      url: "https://pub.flutter-io.cn"
    source: hosted
    version: "5.13.0"
  args:
    dependency: transitive
    description:
      name: args
      sha256: b003c3098049a51720352d219b0bb5f219b60fbfb68e7a4748139a06a5676515
      url: "https://pub.flutter-io.cn"
    source: hosted
    version: "2.3.1"
  async:
    dependency: transitive
    description:
      name: async
      sha256: bfe67ef28df125b7dddcea62755991f807aa39a2492a23e1550161692950bbe0
      url: "https://pub.flutter-io.cn"
    source: hosted
    version: "2.10.0"
  boolean_selector:
    dependency: transitive
    description:
      name: boolean_selector
      sha256: "6cfb5af12253eaf2b368f07bacc5a80d1301a071c73360d746b7f2e32d762c66"
      url: "https://pub.flutter-io.cn"
    source: hosted
    version: "2.1.1"
  characters:
    dependency: transitive
    description:
      name: characters
      sha256: e6a326c8af69605aec75ed6c187d06b349707a27fbff8222ca9cc2cff167975c
      url: "https://pub.flutter-io.cn"
    source: hosted
    version: "1.2.1"
  clock:
    dependency: transitive
    description:
      name: clock
      sha256: cb6d7f03e1de671e34607e909a7213e31d7752be4fb66a86d29fe1eb14bfb5cf
      url: "https://pub.flutter-io.cn"
    source: hosted
    version: "1.1.1"
  collection:
    dependency: transitive
    description:
      name: collection
      sha256: cfc915e6923fe5ce6e153b0723c753045de46de1b4d63771530504004a45fae0
      url: "https://pub.flutter-io.cn"
    source: hosted
    version: "1.17.0"
  convert:
    dependency: transitive
    description:
      name: convert
      sha256: "1be13198012c1d5bc042dc40ad1d7f16cbd522350984c0c1abf471d6d7e305c6"
      url: "https://pub.flutter-io.cn"
    source: hosted
    version: "3.1.0"
  coverage:
    dependency: transitive
    description:
      name: coverage
      sha256: ad538fa2e8f6b828d54c04a438af816ce814de404690136d3b9dfb3a436cd01c
      url: "https://pub.flutter-io.cn"
    source: hosted
    version: "1.0.3"
  crypto:
    dependency: transitive
    description:
      name: crypto
      sha256: aa274aa7774f8964e4f4f38cc994db7b6158dd36e9187aaceaddc994b35c6c67
      url: "https://pub.flutter-io.cn"
    source: hosted
    version: "3.0.2"
  cupertino_icons:
    dependency: "direct main"
    description:
      name: cupertino_icons
      sha256: a937da4c006989739ceb4d10e3bd6cce64ca85d0fe287fc5b2b9f6ee757dcee6
      url: "https://pub.flutter-io.cn"
    source: hosted
    version: "0.1.3"
  fake_async:
    dependency: transitive
    description:
      name: fake_async
      sha256: "511392330127add0b769b75a987850d136345d9227c6b94c96a04cf4a391bf78"
      url: "https://pub.flutter-io.cn"
    source: hosted
    version: "1.3.1"
  file:
    dependency: transitive
    description:
      name: file
      sha256: "1b92bec4fc2a72f59a8e15af5f52cd441e4a7860b49499d69dfa817af20e925d"
      url: "https://pub.flutter-io.cn"
    source: hosted
    version: "6.1.4"
  flutter:
    dependency: "direct main"
    description: flutter
    source: sdk
    version: "0.0.0"
  flutter_test:
    dependency: "direct dev"
    description: flutter
    source: sdk
    version: "0.0.0"
  frontend_server_client:
    dependency: transitive
    description:
      name: frontend_server_client
      sha256: "4f4a162323c86ffc1245765cfe138872b8f069deb42f7dbb36115fa27f31469b"
      url: "https://pub.flutter-io.cn"
    source: hosted
    version: "2.1.3"
  glob:
    dependency: transitive
    description:
      name: glob
      sha256: "8321dd2c0ab0683a91a51307fa844c6db4aa8e3981219b78961672aaab434658"
      url: "https://pub.flutter-io.cn"
    source: hosted
    version: "2.0.2"
  http_multi_server:
    dependency: transitive
    description:
      name: http_multi_server
      sha256: "97486f20f9c2f7be8f514851703d0119c3596d14ea63227af6f7a481ef2b2f8b"
      url: "https://pub.flutter-io.cn"
    source: hosted
    version: "3.2.1"
  http_parser:
    dependency: transitive
    description:
      name: http_parser
      sha256: "2aa08ce0341cc9b354a498388e30986515406668dbcc4f7c950c3e715496693b"
      url: "https://pub.flutter-io.cn"
    source: hosted
    version: "4.0.2"
  io:
    dependency: transitive
    description:
      name: io
      sha256: "2ec25704aba361659e10e3e5f5d672068d332fc8ac516421d483a11e5cbd061e"
      url: "https://pub.flutter-io.cn"
    source: hosted
    version: "1.0.4"
  jpush_google_flutter:
    dependency: "direct dev"
    description:
      path: ".."
      relative: true
    source: path
    version: "1.0.2"
  js:
    dependency: transitive
    description:
      name: js
      sha256: "5528c2f391ededb7775ec1daa69e65a2d61276f7552de2b5f7b8d34ee9fd4ab7"
      url: "https://pub.flutter-io.cn"
    source: hosted
    version: "0.6.5"
  logging:
    dependency: transitive
    description:
      name: logging
      sha256: c0bbfe94d46aedf9b8b3e695cf3bd48c8e14b35e3b2c639e0aa7755d589ba946
      url: "https://pub.flutter-io.cn"
    source: hosted
    version: "1.1.0"
  matcher:
    dependency: transitive
    description:
      name: matcher
      sha256: "16db949ceee371e9b99d22f88fa3a73c4e59fd0afed0bd25fc336eb76c198b72"
      url: "https://pub.flutter-io.cn"
    source: hosted
    version: "0.12.13"
  material_color_utilities:
    dependency: transitive
    description:
      name: material_color_utilities
      sha256: d92141dc6fe1dad30722f9aa826c7fbc896d021d792f80678280601aff8cf724
      url: "https://pub.flutter-io.cn"
    source: hosted
    version: "0.2.0"
  meta:
    dependency: transitive
    description:
      name: meta
      sha256: "6c268b42ed578a53088d834796959e4a1814b5e9e164f147f580a386e5decf42"
      url: "https://pub.flutter-io.cn"
    source: hosted
    version: "1.8.0"
  mime:
    dependency: transitive
    description:
      name: mime
      sha256: "52e38f7e1143ef39daf532117d6b8f8f617bf4bcd6044ed8c29040d20d269630"
      url: "https://pub.flutter-io.cn"
    source: hosted
    version: "1.0.3"
  mockito:
    dependency: "direct dev"
    description:
      name: mockito
      sha256: "4a1db581922c044a29d44b5f2836c897985f901b826325cf7ebd9fcccd159492"
      url: "https://pub.flutter-io.cn"
    source: hosted
    version: "3.0.2"
  node_preamble:
    dependency: transitive
    description:
      name: node_preamble
      sha256: "6e7eac89047ab8a8d26cf16127b5ed26de65209847630400f9aefd7cd5c730db"
      url: "https://pub.flutter-io.cn"
    source: hosted
    version: "2.0.2"
  package_config:
    dependency: transitive
    description:
      name: package_config
      sha256: "1c5b77ccc91e4823a5af61ee74e6b972db1ef98c2ff5a18d3161c982a55448bd"
      url: "https://pub.flutter-io.cn"
    source: hosted
    version: "2.1.0"
  path:
    dependency: transitive
    description:
      name: path
      sha256: db9d4f58c908a4ba5953fcee2ae317c94889433e5024c27ce74a37f94267945b
      url: "https://pub.flutter-io.cn"
    source: hosted
    version: "1.8.2"
  platform:
    dependency: transitive
    description:
      name: platform
      sha256: "4a451831508d7d6ca779f7ac6e212b4023dd5a7d08a27a63da33756410e32b76"
      url: "https://pub.flutter-io.cn"
    source: hosted
    version: "3.1.0"
  pool:
    dependency: transitive
    description:
      name: pool
      sha256: "20fe868b6314b322ea036ba325e6fc0711a22948856475e2c2b6306e8ab39c2a"
      url: "https://pub.flutter-io.cn"
    source: hosted
    version: "1.5.1"
  pub_semver:
    dependency: transitive
    description:
      name: pub_semver
      sha256: b959af0a045c3484c4a8f4997731f5bfe4cac60d732fd8ce35b351f2d6a459fe
      url: "https://pub.flutter-io.cn"
    source: hosted
    version: "2.1.2"
  shelf:
    dependency: transitive
    description:
      name: shelf
      sha256: c240984c924796e055e831a0a36db23be8cb04f170b26df572931ab36418421d
      url: "https://pub.flutter-io.cn"
    source: hosted
    version: "1.2.0"
  shelf_packages_handler:
    dependency: transitive
    description:
      name: shelf_packages_handler
      sha256: aef74dc9195746a384843102142ab65b6a4735bb3beea791e63527b88cc83306
      url: "https://pub.flutter-io.cn"
    source: hosted
    version: "3.0.1"
  shelf_static:
    dependency: transitive
    description:
      name: shelf_static
      sha256: e792b76b96a36d4a41b819da593aff4bdd413576b3ba6150df5d8d9996d2e74c
      url: "https://pub.flutter-io.cn"
    source: hosted
    version: "1.1.1"
  shelf_web_socket:
    dependency: transitive
    description:
      name: shelf_web_socket
      sha256: "6db16374bc3497d21aa0eebe674d3db9fdf82082aac0f04dc7b44e4af5b08afc"
      url: "https://pub.flutter-io.cn"
    source: hosted
    version: "1.0.2"
  sky_engine:
    dependency: transitive
    description: flutter
    source: sdk
    version: "0.0.99"
  source_map_stack_trace:
    dependency: transitive
    description:
      name: source_map_stack_trace
      sha256: "84cf769ad83aa6bb61e0aa5a18e53aea683395f196a6f39c4c881fb90ed4f7ae"
      url: "https://pub.flutter-io.cn"
    source: hosted
    version: "2.1.1"
  source_maps:
    dependency: transitive
    description:
      name: source_maps
      sha256: "52de2200bb098de739794c82d09c41ac27b2e42fd7e23cce7b9c74bf653c7296"
      url: "https://pub.flutter-io.cn"
    source: hosted
    version: "0.10.10"
  source_span:
    dependency: transitive
    description:
      name: source_span
      sha256: dd904f795d4b4f3b870833847c461801f6750a9fa8e61ea5ac53f9422b31f250
      url: "https://pub.flutter-io.cn"
    source: hosted
    version: "1.9.1"
  stack_trace:
    dependency: transitive
    description:
      name: stack_trace
      sha256: c3c7d8edb15bee7f0f74debd4b9c5f3c2ea86766fe4178eb2a18eb30a0bdaed5
      url: "https://pub.flutter-io.cn"
    source: hosted
    version: "1.11.0"
  stream_channel:
    dependency: transitive
    description:
      name: stream_channel
      sha256: "83615bee9045c1d322bbbd1ba209b7a749c2cbcdcb3fdd1df8eb488b3279c1c8"
      url: "https://pub.flutter-io.cn"
    source: hosted
    version: "2.1.1"
  string_scanner:
    dependency: transitive
    description:
      name: string_scanner
      sha256: "556692adab6cfa87322a115640c11f13cb77b3f076ddcc5d6ae3c20242bedcde"
      url: "https://pub.flutter-io.cn"
    source: hosted
    version: "1.2.0"
  term_glyph:
    dependency: transitive
    description:
      name: term_glyph
      sha256: a29248a84fbb7c79282b40b8c72a1209db169a2e0542bce341da992fe1bc7e84
      url: "https://pub.flutter-io.cn"
    source: hosted
    version: "1.2.1"
  test:
    dependency: "direct dev"
    description:
      name: test
      sha256: a5fcd2d25eeadbb6589e80198a47d6a464ba3e2049da473943b8af9797900c2d
      url: "https://pub.flutter-io.cn"
    source: hosted
    version: "1.22.0"
  test_api:
    dependency: transitive
    description:
      name: test_api
      sha256: ad540f65f92caa91bf21dfc8ffb8c589d6e4dc0c2267818b4cc2792857706206
      url: "https://pub.flutter-io.cn"
    source: hosted
    version: "0.4.16"
  test_core:
    dependency: transitive
    description:
      name: test_core
      sha256: "0ef9755ec6d746951ba0aabe62f874b707690b5ede0fecc818b138fcc9b14888"
      url: "https://pub.flutter-io.cn"
    source: hosted
    version: "0.4.20"
  typed_data:
    dependency: transitive
    description:
      name: typed_data
      sha256: "53bdf7e979cfbf3e28987552fd72f637e63f3c8724c9e56d9246942dc2fa36ee"
      url: "https://pub.flutter-io.cn"
    source: hosted
    version: "1.3.0"
  vector_math:
    dependency: transitive
    description:
      name: vector_math
      sha256: "80b3257d1492ce4d091729e3a67a60407d227c27241d6927be0130c98e741803"
      url: "https://pub.flutter-io.cn"
    source: hosted
    version: "2.1.4"
  vm_service:
    dependency: transitive
    description:
      name: vm_service
      sha256: "35ef1bbae978d7158e09c98dcdfe8673b58a30eb53e82833cc027e0aab2d5213"
      url: "https://pub.flutter-io.cn"
    source: hosted
    version: "7.5.0"
  watcher:
    dependency: transitive
    description:
      name: watcher
      sha256: "6a7f46926b01ce81bfc339da6a7f20afbe7733eff9846f6d6a5466aa4c6667c0"
      url: "https://pub.flutter-io.cn"
    source: hosted
    version: "1.0.2"
  web_socket_channel:
    dependency: transitive
    description:
      name: web_socket_channel
      sha256: ca49c0bc209c687b887f30527fb6a9d80040b072cc2990f34b9bec3e7663101b
      url: "https://pub.flutter-io.cn"
    source: hosted
    version: "2.3.0"
  webkit_inspection_protocol:
    dependency: transitive
    description:
      name: webkit_inspection_protocol
      sha256: "67d3a8b6c79e1987d19d848b0892e582dbb0c66c57cc1fef58a177dd2aa2823d"
      url: "https://pub.flutter-io.cn"
    source: hosted
    version: "1.2.0"
  yaml:
    dependency: transitive
    description:
      name: yaml
      sha256: "23812a9b125b48d4007117254bca50abb6c712352927eece9e155207b1db2370"
      url: "https://pub.flutter-io.cn"
    source: hosted
    version: "3.1.1"
sdks:
  dart: ">=2.19.0 <3.0.0"
  flutter: ">=1.20.0"
